
Microsoft Visual Studio Solution File, Format Version 12.00
# Visual Studio Version 17
VisualStudioVersion = 17.0.31903.59
MinimumVisualStudioVersion = 10.0.40219.1
Project("{9A19103F-16F7-4668-BE54-9A1E7A4F7556}") = "PhoneBookApi", "PhoneBookApi\PhoneBookApi.csproj", "{7E83D23A-27BB-487D-A222-E8EFD23B722F}"
EndProject
Project("{9A19103F-16F7-4668-BE54-9A1E7A4F7556}") = "PhonebookFrontend", "PhonebookFrontend\PhonebookFrontend.csproj", "{1571B4C1-6832-4E4B-8291-76B25DD719D8}"
EndProject
Global
	GlobalSection(SolutionConfigurationPlatforms) = preSolution
		Debug|Any CPU = Debug|Any CPU
		Release|Any CPU = Release|Any CPU
	EndGlobalSection
	GlobalSection(ProjectConfigurationPlatforms) = postSolution
		{7E83D23A-27BB-487D-A222-E8EFD23B722F}.Debug|Any CPU.ActiveCfg = Debug|Any CPU
		{7E83D23A-27BB-487D-A222-E8EFD23B722F}.Debug|Any CPU.Build.0 = Debug|Any CPU
		{7E83D23A-27BB-487D-A222-E8EFD23B722F}.Release|Any CPU.ActiveCfg = Release|Any CPU
		{7E83D23A-27BB-487D-A222-E8EFD23B722F}.Release|Any CPU.Build.0 = Release|Any CPU
		{1571B4C1-6832-4E4B-8291-76B25DD719D8}.Debug|Any CPU.ActiveCfg = Debug|Any CPU
		{1571B4C1-6832-4E4B-8291-76B25DD719D8}.Debug|Any CPU.Build.0 = Debug|Any CPU
		{1571B4C1-6832-4E4B-8291-76B25DD719D8}.Release|Any CPU.ActiveCfg = Release|Any CPU
		{1571B4C1-6832-4E4B-8291-76B25DD719D8}.Release|Any CPU.Build.0 = Release|Any CPU
	EndGlobalSection
	GlobalSection(SolutionProperties) = preSolution
		HideSolutionNode = FALSE
	EndGlobalSection
EndGlobal
